
Microsoft Visual Studio Solution File, Format Version 12.00
# Visual Studio Version 17
VisualStudioVersion = 17.5.33516.290
MinimumVisualStudioVersion = 10.0.40219.1
Project("{FAE04EC0-301F-11D3-BF4B-00C04F79EFBC}") = "Graph.Display", "Graph.Display\Graph.Display.csproj", "{A8ED8E30-E1CC-42BD-9932-06D44BDB2FA7}"
EndProject
Project("{FAE04EC0-301F-11D3-BF4B-00C04F79EFBC}") = "Graph.Library", "Graph.Library\Graph.Library.csproj", "{CC0BA3BA-998F-4E2A-B4DA-BB5313A03F5F}"
EndProject
Project("{FAE04EC0-301F-11D3-BF4B-00C04F79EFBC}") = "Graph.Plugins", "Graph.Plugins\Graph.Plugins.csproj", "{3D684FA8-4957-4EDC-94DA-BDCA01592313}"
EndProject
Global
	GlobalSection(SolutionConfigurationPlatforms) = preSolution
		Debug|Any CPU = Debug|Any CPU
		Release|Any CPU = Release|Any CPU
	EndGlobalSection
	GlobalSection(ProjectConfigurationPlatforms) = postSolution
		{A8ED8E30-E1CC-42BD-9932-06D44BDB2FA7}.Debug|Any CPU.ActiveCfg = Debug|Any CPU
		{A8ED8E30-E1CC-42BD-9932-06D44BDB2FA7}.Debug|Any CPU.Build.0 = Debug|Any CPU
		{A8ED8E30-E1CC-42BD-9932-06D44BDB2FA7}.Release|Any CPU.ActiveCfg = Release|Any CPU
		{A8ED8E30-E1CC-42BD-9932-06D44BDB2FA7}.Release|Any CPU.Build.0 = Release|Any CPU
		{CC0BA3BA-998F-4E2A-B4DA-BB5313A03F5F}.Debug|Any CPU.ActiveCfg = Debug|Any CPU
		{CC0BA3BA-998F-4E2A-B4DA-BB5313A03F5F}.Debug|Any CPU.Build.0 = Debug|Any CPU
		{CC0BA3BA-998F-4E2A-B4DA-BB5313A03F5F}.Release|Any CPU.ActiveCfg = Release|Any CPU
		{CC0BA3BA-998F-4E2A-B4DA-BB5313A03F5F}.Release|Any CPU.Build.0 = Release|Any CPU
		{3D684FA8-4957-4EDC-94DA-BDCA01592313}.Debug|Any CPU.ActiveCfg = Debug|Any CPU
		{3D684FA8-4957-4EDC-94DA-BDCA01592313}.Debug|Any CPU.Build.0 = Debug|Any CPU
		{3D684FA8-4957-4EDC-94DA-BDCA01592313}.Release|Any CPU.ActiveCfg = Release|Any CPU
		{3D684FA8-4957-4EDC-94DA-BDCA01592313}.Release|Any CPU.Build.0 = Release|Any CPU
	EndGlobalSection
	GlobalSection(SolutionProperties) = preSolution
		HideSolutionNode = FALSE
	EndGlobalSection
	GlobalSection(ExtensibilityGlobals) = postSolution
		SolutionGuid = {DCB3BC89-5F5F-438B-8E63-57323CE56F55}
	EndGlobalSection
EndGlobal
