
Microsoft Visual Studio Solution File, Format Version 12.00
# Visual Studio Version 17
VisualStudioVersion = 17.5.33516.290
MinimumVisualStudioVersion = 10.0.40219.1
Project("{FAE04EC0-301F-11D3-BF4B-00C04F79EFBC}") = "OperatorOverloading", "OperatorOverloading\OperatorOverloading.csproj", "{35FA6BC3-C8D4-409F-ACC8-9C466E9C5F32}"
EndProject
Global
	GlobalSection(SolutionConfigurationPlatforms) = preSolution
		Debug|Any CPU = Debug|Any CPU
		Release|Any CPU = Release|Any CPU
	EndGlobalSection
	GlobalSection(ProjectConfigurationPlatforms) = postSolution
		{35FA6BC3-C8D4-409F-ACC8-9C466E9C5F32}.Debug|Any CPU.ActiveCfg = Debug|Any CPU
		{35FA6BC3-C8D4-409F-ACC8-9C466E9C5F32}.Debug|Any CPU.Build.0 = Debug|Any CPU
		{35FA6BC3-C8D4-409F-ACC8-9C466E9C5F32}.Release|Any CPU.ActiveCfg = Release|Any CPU
		{35FA6BC3-C8D4-409F-ACC8-9C466E9C5F32}.Release|Any CPU.Build.0 = Release|Any CPU
	EndGlobalSection
	GlobalSection(SolutionProperties) = preSolution
		HideSolutionNode = FALSE
	EndGlobalSection
	GlobalSection(ExtensibilityGlobals) = postSolution
		SolutionGuid = {2E30E1FA-A00A-4403-A725-B10E5272FA35}
	EndGlobalSection
EndGlobal
