
Microsoft Visual Studio Solution File, Format Version 12.00
# Visual Studio Version 17
VisualStudioVersion = 17.5.33516.290
MinimumVisualStudioVersion = 10.0.40219.1
Project("{FAE04EC0-301F-11D3-BF4B-00C04F79EFBC}") = "CsharpOverview", "CsharpOverview\CsharpOverview.csproj", "{10757705-D798-4649-B3AA-9F51B921EC75}"
EndProject
Project("{FAE04EC0-301F-11D3-BF4B-00C04F79EFBC}") = "Variables", "Variables\Variables.csproj", "{EDBEE4CD-E7F2-4A2E-99F4-112EF7C5DA59}"
EndProject
Project("{FAE04EC0-301F-11D3-BF4B-00C04F79EFBC}") = "Arrays", "Arrays\Arrays.csproj", "{07D98E5F-3522-4AFF-AF7D-98582CB10CB8}"
EndProject
Global
	GlobalSection(SolutionConfigurationPlatforms) = preSolution
		Debug|Any CPU = Debug|Any CPU
		Release|Any CPU = Release|Any CPU
	EndGlobalSection
	GlobalSection(ProjectConfigurationPlatforms) = postSolution
		{10757705-D798-4649-B3AA-9F51B921EC75}.Debug|Any CPU.ActiveCfg = Debug|Any CPU
		{10757705-D798-4649-B3AA-9F51B921EC75}.Debug|Any CPU.Build.0 = Debug|Any CPU
		{10757705-D798-4649-B3AA-9F51B921EC75}.Release|Any CPU.ActiveCfg = Release|Any CPU
		{10757705-D798-4649-B3AA-9F51B921EC75}.Release|Any CPU.Build.0 = Release|Any CPU
		{EDBEE4CD-E7F2-4A2E-99F4-112EF7C5DA59}.Debug|Any CPU.ActiveCfg = Debug|Any CPU
		{EDBEE4CD-E7F2-4A2E-99F4-112EF7C5DA59}.Debug|Any CPU.Build.0 = Debug|Any CPU
		{EDBEE4CD-E7F2-4A2E-99F4-112EF7C5DA59}.Release|Any CPU.ActiveCfg = Release|Any CPU
		{EDBEE4CD-E7F2-4A2E-99F4-112EF7C5DA59}.Release|Any CPU.Build.0 = Release|Any CPU
		{07D98E5F-3522-4AFF-AF7D-98582CB10CB8}.Debug|Any CPU.ActiveCfg = Debug|Any CPU
		{07D98E5F-3522-4AFF-AF7D-98582CB10CB8}.Debug|Any CPU.Build.0 = Debug|Any CPU
		{07D98E5F-3522-4AFF-AF7D-98582CB10CB8}.Release|Any CPU.ActiveCfg = Release|Any CPU
		{07D98E5F-3522-4AFF-AF7D-98582CB10CB8}.Release|Any CPU.Build.0 = Release|Any CPU
	EndGlobalSection
	GlobalSection(SolutionProperties) = preSolution
		HideSolutionNode = FALSE
	EndGlobalSection
	GlobalSection(ExtensibilityGlobals) = postSolution
		SolutionGuid = {D7EA2EA2-0A3A-4BDA-A075-B6E5618DCBA0}
	EndGlobalSection
EndGlobal
