
Microsoft Visual Studio Solution File, Format Version 12.00
# Visual Studio Version 17
VisualStudioVersion = 17.5.33516.290
MinimumVisualStudioVersion = 10.0.40219.1
Project("{FAE04EC0-301F-11D3-BF4B-00C04F79EFBC}") = "GenericTypes", "GenericTypes\GenericTypes.csproj", "{FE14A201-D9F3-4375-A0A0-2220B8974D5F}"
EndProject
Global
	GlobalSection(SolutionConfigurationPlatforms) = preSolution
		Debug|Any CPU = Debug|Any CPU
		Release|Any CPU = Release|Any CPU
	EndGlobalSection
	GlobalSection(ProjectConfigurationPlatforms) = postSolution
		{FE14A201-D9F3-4375-A0A0-2220B8974D5F}.Debug|Any CPU.ActiveCfg = Debug|Any CPU
		{FE14A201-D9F3-4375-A0A0-2220B8974D5F}.Debug|Any CPU.Build.0 = Debug|Any CPU
		{FE14A201-D9F3-4375-A0A0-2220B8974D5F}.Release|Any CPU.ActiveCfg = Release|Any CPU
		{FE14A201-D9F3-4375-A0A0-2220B8974D5F}.Release|Any CPU.Build.0 = Release|Any CPU
	EndGlobalSection
	GlobalSection(SolutionProperties) = preSolution
		HideSolutionNode = FALSE
	EndGlobalSection
	GlobalSection(ExtensibilityGlobals) = postSolution
		SolutionGuid = {0FEAE288-9ECE-4A67-8E8E-C3BF506C9275}
	EndGlobalSection
EndGlobal
